
Microsoft Visual Studio Solution File, Format Version 12.00
# Visual Studio 14
VisualStudioVersion = 14.0.23107.0
MinimumVisualStudioVersion = 10.0.40219.1
Project("{FAE04EC0-301F-11D3-BF4B-00C04F79EFBC}") = "GettingStarted", "GettingStarted\GettingStarted.csproj", "{2EAC1414-B276-4C33-B430-E0B9F224BE57}"
EndProject
Project("{FAE04EC0-301F-11D3-BF4B-00C04F79EFBC}") = "ProcessTaskData", "ProcessTaskData\ProcessTaskData.csproj", "{DCCE7F99-007F-4E14-AA14-071F3FC90C1A}"
EndProject
Global
	GlobalSection(SolutionConfigurationPlatforms) = preSolution
		Debug|Any CPU = Debug|Any CPU
		Release|Any CPU = Release|Any CPU
	EndGlobalSection
	GlobalSection(ProjectConfigurationPlatforms) = postSolution
		{2EAC1414-B276-4C33-B430-E0B9F224BE57}.Debug|Any CPU.ActiveCfg = Debug|Any CPU
		{2EAC1414-B276-4C33-B430-E0B9F224BE57}.Debug|Any CPU.Build.0 = Debug|Any CPU
		{2EAC1414-B276-4C33-B430-E0B9F224BE57}.Release|Any CPU.ActiveCfg = Release|Any CPU
		{2EAC1414-B276-4C33-B430-E0B9F224BE57}.Release|Any CPU.Build.0 = Release|Any CPU
		{DCCE7F99-007F-4E14-AA14-071F3FC90C1A}.Debug|Any CPU.ActiveCfg = Debug|Any CPU
		{DCCE7F99-007F-4E14-AA14-071F3FC90C1A}.Debug|Any CPU.Build.0 = Debug|Any CPU
		{DCCE7F99-007F-4E14-AA14-071F3FC90C1A}.Release|Any CPU.ActiveCfg = Release|Any CPU
		{DCCE7F99-007F-4E14-AA14-071F3FC90C1A}.Release|Any CPU.Build.0 = Release|Any CPU
	EndGlobalSection
	GlobalSection(SolutionProperties) = preSolution
		HideSolutionNode = FALSE
	EndGlobalSection
EndGlobal
